
Microsoft Visual Studio Solution File, Format Version 12.00
# Visual Studio Version 17
VisualStudioVersion = 17.14.36203.30 d17.14
MinimumVisualStudioVersion = 10.0.40219.1
Project("{FAE04EC0-301F-11D3-BF4B-00C04F79EFBC}") = "OpcUAClient", "OpcUAClient\OpcUAClient.csproj", "{A6B737F5-2092-44D2-8CE3-2A99F1CB77A4}"
EndProject
Project("{FAE04EC0-301F-11D3-BF4B-00C04F79EFBC}") = "OpcUaToThinsboard", "OpcUaToThinsboard\OpcUaToThinsboard.csproj", "{59CF212B-8352-42AA-B89E-100E4C67D464}"
EndProject
Global
	GlobalSection(SolutionConfigurationPlatforms) = preSolution
		Debug|Any CPU = Debug|Any CPU
		Release|Any CPU = Release|Any CPU
	EndGlobalSection
	GlobalSection(ProjectConfigurationPlatforms) = postSolution
		{A6B737F5-2092-44D2-8CE3-2A99F1CB77A4}.Debug|Any CPU.ActiveCfg = Debug|Any CPU
		{A6B737F5-2092-44D2-8CE3-2A99F1CB77A4}.Debug|Any CPU.Build.0 = Debug|Any CPU
		{A6B737F5-2092-44D2-8CE3-2A99F1CB77A4}.Release|Any CPU.ActiveCfg = Release|Any CPU
		{A6B737F5-2092-44D2-8CE3-2A99F1CB77A4}.Release|Any CPU.Build.0 = Release|Any CPU
		{59CF212B-8352-42AA-B89E-100E4C67D464}.Debug|Any CPU.ActiveCfg = Debug|Any CPU
		{59CF212B-8352-42AA-B89E-100E4C67D464}.Debug|Any CPU.Build.0 = Debug|Any CPU
		{59CF212B-8352-42AA-B89E-100E4C67D464}.Release|Any CPU.ActiveCfg = Release|Any CPU
		{59CF212B-8352-42AA-B89E-100E4C67D464}.Release|Any CPU.Build.0 = Release|Any CPU
	EndGlobalSection
	GlobalSection(SolutionProperties) = preSolution
		HideSolutionNode = FALSE
	EndGlobalSection
	GlobalSection(ExtensibilityGlobals) = postSolution
		SolutionGuid = {C49DE622-1CE1-4028-9B67-19A4930A393B}
	EndGlobalSection
EndGlobal
